
Microsoft Visual Studio Solution File, Format Version 12.00
# Visual Studio Version 16
VisualStudioVersion = 16.0.29411.108
MinimumVisualStudioVersion = 10.0.40219.1
Project("{9A19103F-16F7-4668-BE54-9A1E7A4F7556}") = "Money2Go", "Money2Go\Money2Go.csproj", "{2E51D72F-E850-43C7-8EA2-CFCA878377F6}"
EndProject
Project("{9A19103F-16F7-4668-BE54-9A1E7A4F7556}") = "Money2GoML.Model", "Money2GoML.Model\Money2GoML.Model.csproj", "{69CA9BD8-4BE8-472D-A304-AC8FD2901917}"
EndProject
Project("{9A19103F-16F7-4668-BE54-9A1E7A4F7556}") = "Money2GoML.ConsoleApp", "Money2GoML.ConsoleApp\Money2GoML.ConsoleApp.csproj", "{FD201078-050E-43D6-9E48-CC0F03E280F7}"
EndProject
Global
	GlobalSection(SolutionConfigurationPlatforms) = preSolution
		Debug|Any CPU = Debug|Any CPU
		Release|Any CPU = Release|Any CPU
	EndGlobalSection
	GlobalSection(ProjectConfigurationPlatforms) = postSolution
		{2E51D72F-E850-43C7-8EA2-CFCA878377F6}.Debug|Any CPU.ActiveCfg = Debug|Any CPU
		{2E51D72F-E850-43C7-8EA2-CFCA878377F6}.Debug|Any CPU.Build.0 = Debug|Any CPU
		{2E51D72F-E850-43C7-8EA2-CFCA878377F6}.Release|Any CPU.ActiveCfg = Release|Any CPU
		{2E51D72F-E850-43C7-8EA2-CFCA878377F6}.Release|Any CPU.Build.0 = Release|Any CPU
		{69CA9BD8-4BE8-472D-A304-AC8FD2901917}.Debug|Any CPU.ActiveCfg = Debug|Any CPU
		{69CA9BD8-4BE8-472D-A304-AC8FD2901917}.Debug|Any CPU.Build.0 = Debug|Any CPU
		{69CA9BD8-4BE8-472D-A304-AC8FD2901917}.Release|Any CPU.ActiveCfg = Release|Any CPU
		{69CA9BD8-4BE8-472D-A304-AC8FD2901917}.Release|Any CPU.Build.0 = Release|Any CPU
		{FD201078-050E-43D6-9E48-CC0F03E280F7}.Debug|Any CPU.ActiveCfg = Debug|Any CPU
		{FD201078-050E-43D6-9E48-CC0F03E280F7}.Debug|Any CPU.Build.0 = Debug|Any CPU
		{FD201078-050E-43D6-9E48-CC0F03E280F7}.Release|Any CPU.ActiveCfg = Release|Any CPU
		{FD201078-050E-43D6-9E48-CC0F03E280F7}.Release|Any CPU.Build.0 = Release|Any CPU
	EndGlobalSection
	GlobalSection(SolutionProperties) = preSolution
		HideSolutionNode = FALSE
	EndGlobalSection
	GlobalSection(ExtensibilityGlobals) = postSolution
		SolutionGuid = {D171A050-ECE5-4AB0-8B96-410E7F44D130}
	EndGlobalSection
EndGlobal
